
Microsoft Visual Studio Solution File, Format Version 12.00
# Visual Studio Version 18
VisualStudioVersion = 18.3.11520.95
MinimumVisualStudioVersion = 10.0.40219.1
Project("{9A19103F-16F7-4668-BE54-9A1E7A4F7556}") = "KtuSaHeadlessCMS", "KtuSaHeadlessCMS\KtuSaHeadlessCMS.csproj", "{B6A03552-8C9F-421E-A952-E906D53049E4}"
EndProject
Project("{9A19103F-16F7-4668-BE54-9A1E7A4F7556}") = "OrchardCore.Cms.KtuSaModule", "OrchardCore.Cms.KtuSaModule\OrchardCore.Cms.KtuSaModule.csproj", "{F9C298B0-BD95-470D-B7DA-A6CDB4FA12A6}"
EndProject
Project("{2150E333-8FDC-42A3-9474-1A3956D46DE8}") = "Solution Items", "Solution Items", "{BA29848C-52CB-4617-8E7D-14573235D27E}"
	ProjectSection(SolutionItems) = preProject
		.gitignore = .gitignore
	EndProjectSection
EndProject
Project("{9A19103F-16F7-4668-BE54-9A1E7A4F7556}") = "OrchardCore.KtuSaTheme", "OrchardCore.KtuSaTheme\OrchardCore.KtuSaTheme.csproj", "{31C40231-4F28-4B50-83DB-5F48FC4A2D2D}"
EndProject
Project("{FAE04EC0-301F-11D3-BF4B-00C04F79EFBC}") = "OrchardCore.Cms.KtuSaApi", "OrchardCore.Cms.KtuSaApi\OrchardCore.Cms.KtuSaApi.csproj", "{96645718-DCE0-D746-5420-63DA0DB5743B}"
EndProject
Project("{FAE04EC0-301F-11D3-BF4B-00C04F79EFBC}") = "OrchardCore.Cms.KtuSaGoogleMedia", "OrchardCore.Cms.KtuSaGoogleMedia\OrchardCore.Cms.KtuSaGoogleMedia.csproj", "{85467745-35E0-4861-8511-89F90C15F8CD}"
EndProject
Global
	GlobalSection(SolutionConfigurationPlatforms) = preSolution
		Debug|Any CPU = Debug|Any CPU
		Debug|x64 = Debug|x64
		Debug|x86 = Debug|x86
		Release|Any CPU = Release|Any CPU
		Release|x64 = Release|x64
		Release|x86 = Release|x86
	EndGlobalSection
	GlobalSection(ProjectConfigurationPlatforms) = postSolution
		{B6A03552-8C9F-421E-A952-E906D53049E4}.Debug|Any CPU.ActiveCfg = Debug|Any CPU
		{B6A03552-8C9F-421E-A952-E906D53049E4}.Debug|Any CPU.Build.0 = Debug|Any CPU
		{B6A03552-8C9F-421E-A952-E906D53049E4}.Debug|x64.ActiveCfg = Debug|Any CPU
		{B6A03552-8C9F-421E-A952-E906D53049E4}.Debug|x64.Build.0 = Debug|Any CPU
		{B6A03552-8C9F-421E-A952-E906D53049E4}.Debug|x86.ActiveCfg = Debug|Any CPU
		{B6A03552-8C9F-421E-A952-E906D53049E4}.Debug|x86.Build.0 = Debug|Any CPU
		{B6A03552-8C9F-421E-A952-E906D53049E4}.Release|Any CPU.ActiveCfg = Release|Any CPU
		{B6A03552-8C9F-421E-A952-E906D53049E4}.Release|Any CPU.Build.0 = Release|Any CPU
		{B6A03552-8C9F-421E-A952-E906D53049E4}.Release|x64.ActiveCfg = Release|Any CPU
		{B6A03552-8C9F-421E-A952-E906D53049E4}.Release|x64.Build.0 = Release|Any CPU
		{B6A03552-8C9F-421E-A952-E906D53049E4}.Release|x86.ActiveCfg = Release|Any CPU
		{B6A03552-8C9F-421E-A952-E906D53049E4}.Release|x86.Build.0 = Release|Any CPU
		{F9C298B0-BD95-470D-B7DA-A6CDB4FA12A6}.Debug|Any CPU.ActiveCfg = Debug|Any CPU
		{F9C298B0-BD95-470D-B7DA-A6CDB4FA12A6}.Debug|Any CPU.Build.0 = Debug|Any CPU
		{F9C298B0-BD95-470D-B7DA-A6CDB4FA12A6}.Debug|x64.ActiveCfg = Debug|Any CPU
		{F9C298B0-BD95-470D-B7DA-A6CDB4FA12A6}.Debug|x64.Build.0 = Debug|Any CPU
		{F9C298B0-BD95-470D-B7DA-A6CDB4FA12A6}.Debug|x86.ActiveCfg = Debug|Any CPU
		{F9C298B0-BD95-470D-B7DA-A6CDB4FA12A6}.Debug|x86.Build.0 = Debug|Any CPU
		{F9C298B0-BD95-470D-B7DA-A6CDB4FA12A6}.Release|Any CPU.ActiveCfg = Release|Any CPU
		{F9C298B0-BD95-470D-B7DA-A6CDB4FA12A6}.Release|Any CPU.Build.0 = Release|Any CPU
		{F9C298B0-BD95-470D-B7DA-A6CDB4FA12A6}.Release|x64.ActiveCfg = Release|Any CPU
		{F9C298B0-BD95-470D-B7DA-A6CDB4FA12A6}.Release|x64.Build.0 = Release|Any CPU
		{F9C298B0-BD95-470D-B7DA-A6CDB4FA12A6}.Release|x86.ActiveCfg = Release|Any CPU
		{F9C298B0-BD95-470D-B7DA-A6CDB4FA12A6}.Release|x86.Build.0 = Release|Any CPU
		{31C40231-4F28-4B50-83DB-5F48FC4A2D2D}.Debug|Any CPU.ActiveCfg = Debug|Any CPU
		{31C40231-4F28-4B50-83DB-5F48FC4A2D2D}.Debug|Any CPU.Build.0 = Debug|Any CPU
		{31C40231-4F28-4B50-83DB-5F48FC4A2D2D}.Debug|x64.ActiveCfg = Debug|Any CPU
		{31C40231-4F28-4B50-83DB-5F48FC4A2D2D}.Debug|x64.Build.0 = Debug|Any CPU
		{31C40231-4F28-4B50-83DB-5F48FC4A2D2D}.Debug|x86.ActiveCfg = Debug|Any CPU
		{31C40231-4F28-4B50-83DB-5F48FC4A2D2D}.Debug|x86.Build.0 = Debug|Any CPU
		{31C40231-4F28-4B50-83DB-5F48FC4A2D2D}.Release|Any CPU.ActiveCfg = Release|Any CPU
		{31C40231-4F28-4B50-83DB-5F48FC4A2D2D}.Release|Any CPU.Build.0 = Release|Any CPU
		{31C40231-4F28-4B50-83DB-5F48FC4A2D2D}.Release|x64.ActiveCfg = Release|Any CPU
		{31C40231-4F28-4B50-83DB-5F48FC4A2D2D}.Release|x64.Build.0 = Release|Any CPU
		{31C40231-4F28-4B50-83DB-5F48FC4A2D2D}.Release|x86.ActiveCfg = Release|Any CPU
		{31C40231-4F28-4B50-83DB-5F48FC4A2D2D}.Release|x86.Build.0 = Release|Any CPU
		{96645718-DCE0-D746-5420-63DA0DB5743B}.Debug|Any CPU.ActiveCfg = Debug|Any CPU
		{96645718-DCE0-D746-5420-63DA0DB5743B}.Debug|Any CPU.Build.0 = Debug|Any CPU
		{96645718-DCE0-D746-5420-63DA0DB5743B}.Debug|x64.ActiveCfg = Debug|Any CPU
		{96645718-DCE0-D746-5420-63DA0DB5743B}.Debug|x64.Build.0 = Debug|Any CPU
		{96645718-DCE0-D746-5420-63DA0DB5743B}.Debug|x86.ActiveCfg = Debug|Any CPU
		{96645718-DCE0-D746-5420-63DA0DB5743B}.Debug|x86.Build.0 = Debug|Any CPU
		{96645718-DCE0-D746-5420-63DA0DB5743B}.Release|Any CPU.ActiveCfg = Release|Any CPU
		{96645718-DCE0-D746-5420-63DA0DB5743B}.Release|Any CPU.Build.0 = Release|Any CPU
		{96645718-DCE0-D746-5420-63DA0DB5743B}.Release|x64.ActiveCfg = Release|Any CPU
		{96645718-DCE0-D746-5420-63DA0DB5743B}.Release|x64.Build.0 = Release|Any CPU
		{96645718-DCE0-D746-5420-63DA0DB5743B}.Release|x86.ActiveCfg = Release|Any CPU
		{96645718-DCE0-D746-5420-63DA0DB5743B}.Release|x86.Build.0 = Release|Any CPU
		{85467745-35E0-4861-8511-89F90C15F8CD}.Debug|Any CPU.ActiveCfg = Debug|Any CPU
		{85467745-35E0-4861-8511-89F90C15F8CD}.Debug|Any CPU.Build.0 = Debug|Any CPU
		{85467745-35E0-4861-8511-89F90C15F8CD}.Debug|x64.ActiveCfg = Debug|Any CPU
		{85467745-35E0-4861-8511-89F90C15F8CD}.Debug|x64.Build.0 = Debug|Any CPU
		{85467745-35E0-4861-8511-89F90C15F8CD}.Debug|x86.ActiveCfg = Debug|Any CPU
		{85467745-35E0-4861-8511-89F90C15F8CD}.Debug|x86.Build.0 = Debug|Any CPU
		{85467745-35E0-4861-8511-89F90C15F8CD}.Release|Any CPU.ActiveCfg = Release|Any CPU
		{85467745-35E0-4861-8511-89F90C15F8CD}.Release|Any CPU.Build.0 = Release|Any CPU
		{85467745-35E0-4861-8511-89F90C15F8CD}.Release|x64.ActiveCfg = Release|Any CPU
		{85467745-35E0-4861-8511-89F90C15F8CD}.Release|x64.Build.0 = Release|Any CPU
		{85467745-35E0-4861-8511-89F90C15F8CD}.Release|x86.ActiveCfg = Release|Any CPU
		{85467745-35E0-4861-8511-89F90C15F8CD}.Release|x86.Build.0 = Release|Any CPU
	EndGlobalSection
	GlobalSection(SolutionProperties) = preSolution
		HideSolutionNode = FALSE
	EndGlobalSection
	GlobalSection(ExtensibilityGlobals) = postSolution
		SolutionGuid = {3BB42716-0992-45CE-AC67-1339632848D5}
	EndGlobalSection
EndGlobal
